// !$*UTF8*$!
{
	archiveVersion = 1;
	classes = {
	};
	objectVersion = 56;
	objects = {

/* Begin PBXBuildFile section */
		702300452C0EBDF300A1266B /* SwiftUIPerformanceApp.swift in Sources */ = {isa = PBXBuildFile; fileRef = 702300442C0EBDF300A1266B /* SwiftUIPerformanceApp.swift */; };
		702300492C0EBDF400A1266B /* Assets.xcassets in Resources */ = {isa = PBXBuildFile; fileRef = 702300482C0EBDF400A1266B /* Assets.xcassets */; };
		7023004C2C0EBDF400A1266B /* Preview Assets.xcassets in Resources */ = {isa = PBXBuildFile; fileRef = 7023004B2C0EBDF400A1266B /* Preview Assets.xcassets */; };
		702300562C0EBDF400A1266B /* SwiftUIPerformanceTests.swift in Sources */ = {isa = PBXBuildFile; fileRef = 702300552C0EBDF400A1266B /* SwiftUIPerformanceTests.swift */; };
		702300602C0EBDF400A1266B /* SwiftUIPerformanceUITests.swift in Sources */ = {isa = PBXBuildFile; fileRef = 7023005F2C0EBDF400A1266B /* SwiftUIPerformanceUITests.swift */; };
		702300622C0EBDF400A1266B /* SwiftUIPerformanceUITestsLaunchTests.swift in Sources */ = {isa = PBXBuildFile; fileRef = 702300612C0EBDF400A1266B /* SwiftUIPerformanceUITestsLaunchTests.swift */; };
		702300702C0ECB7200A1266B /* Fruit.swift in Sources */ = {isa = PBXBuildFile; fileRef = 7023006F2C0ECB7200A1266B /* Fruit.swift */; };
		702300722C0ECBD900A1266B /* ProblemView.swift in Sources */ = {isa = PBXBuildFile; fileRef = 702300712C0ECBD900A1266B /* ProblemView.swift */; };
		702300752C0ED00800A1266B /* FruitViewModel.swift in Sources */ = {isa = PBXBuildFile; fileRef = 702300742C0ED00800A1266B /* FruitViewModel.swift */; };
		702300772C0EE83A00A1266B /* RemoveViewModelDependency.swift in Sources */ = {isa = PBXBuildFile; fileRef = 702300762C0EE83A00A1266B /* RemoveViewModelDependency.swift */; };
		7023007A2C0EEE7900A1266B /* Color+Extension.swift in Sources */ = {isa = PBXBuildFile; fileRef = 702300792C0EEE7900A1266B /* Color+Extension.swift */; };
		7023007C2C0EF2F900A1266B /* View+Test.swift in Sources */ = {isa = PBXBuildFile; fileRef = 7023007B2C0EF2F900A1266B /* View+Test.swift */; };
		7023007E2C0FDC8B00A1266B /* PassNoExtraData.swift in Sources */ = {isa = PBXBuildFile; fileRef = 7023007D2C0FDC8B00A1266B /* PassNoExtraData.swift */; };
		702300802C102ACE00A1266B /* PassNoExtraData2.swift in Sources */ = {isa = PBXBuildFile; fileRef = 7023007F2C102ACE00A1266B /* PassNoExtraData2.swift */; };
		702300822C1037CD00A1266B /* FruitViewModelWrapper.swift in Sources */ = {isa = PBXBuildFile; fileRef = 702300812C1037CD00A1266B /* FruitViewModelWrapper.swift */; };
		702300842C10389200A1266B /* WrapperExample.swift in Sources */ = {isa = PBXBuildFile; fileRef = 702300832C10389200A1266B /* WrapperExample.swift */; };
		702300862C103F1C00A1266B /* WrapperExample2.swift in Sources */ = {isa = PBXBuildFile; fileRef = 702300852C103F1C00A1266B /* WrapperExample2.swift */; };
		702300882C104E1200A1266B /* FruitObservation.swift in Sources */ = {isa = PBXBuildFile; fileRef = 702300872C104E1200A1266B /* FruitObservation.swift */; };
		7023008A2C104EEF00A1266B /* ObservationView.swift in Sources */ = {isa = PBXBuildFile; fileRef = 702300892C104EEF00A1266B /* ObservationView.swift */; };
		7023008C2C1052D100A1266B /* IdentityView.swift in Sources */ = {isa = PBXBuildFile; fileRef = 7023008B2C1052D100A1266B /* IdentityView.swift */; };
		702300902C115A5300A1266B /* ContentView.swift in Sources */ = {isa = PBXBuildFile; fileRef = 7023008F2C115A5300A1266B /* ContentView.swift */; };
/* End PBXBuildFile section */

/* Begin PBXContainerItemProxy section */
		702300522C0EBDF400A1266B /* PBXContainerItemProxy */ = {
			isa = PBXContainerItemProxy;
			containerPortal = 702300392C0EBDF300A1266B /* Project object */;
			proxyType = 1;
			remoteGlobalIDString = 702300402C0EBDF300A1266B;
			remoteInfo = SwiftUIPerformance;
		};
		7023005C2C0EBDF400A1266B /* PBXContainerItemProxy */ = {
			isa = PBXContainerItemProxy;
			containerPortal = 702300392C0EBDF300A1266B /* Project object */;
			proxyType = 1;
			remoteGlobalIDString = 702300402C0EBDF300A1266B;
			remoteInfo = SwiftUIPerformance;
		};
/* End PBXContainerItemProxy section */

/* Begin PBXFileReference section */
		702300412C0EBDF300A1266B /* SwiftUIPerformance.app */ = {isa = PBXFileReference; explicitFileType = wrapper.application; includeInIndex = 0; path = SwiftUIPerformance.app; sourceTree = BUILT_PRODUCTS_DIR; };
		702300442C0EBDF300A1266B /* SwiftUIPerformanceApp.swift */ = {isa = PBXFileReference; lastKnownFileType = sourcecode.swift; path = SwiftUIPerformanceApp.swift; sourceTree = "<group>"; };
		702300482C0EBDF400A1266B /* Assets.xcassets */ = {isa = PBXFileReference; lastKnownFileType = folder.assetcatalog; path = Assets.xcassets; sourceTree = "<group>"; };
		7023004B2C0EBDF400A1266B /* Preview Assets.xcassets */ = {isa = PBXFileReference; lastKnownFileType = folder.assetcatalog; path = "Preview Assets.xcassets"; sourceTree = "<group>"; };
		702300512C0EBDF400A1266B /* SwiftUIPerformanceTests.xctest */ = {isa = PBXFileReference; explicitFileType = wrapper.cfbundle; includeInIndex = 0; path = SwiftUIPerformanceTests.xctest; sourceTree = BUILT_PRODUCTS_DIR; };
		702300552C0EBDF400A1266B /* SwiftUIPerformanceTests.swift */ = {isa = PBXFileReference; lastKnownFileType = sourcecode.swift; path = SwiftUIPerformanceTests.swift; sourceTree = "<group>"; };
		7023005B2C0EBDF400A1266B /* SwiftUIPerformanceUITests.xctest */ = {isa = PBXFileReference; explicitFileType = wrapper.cfbundle; includeInIndex = 0; path = SwiftUIPerformanceUITests.xctest; sourceTree = BUILT_PRODUCTS_DIR; };
		7023005F2C0EBDF400A1266B /* SwiftUIPerformanceUITests.swift */ = {isa = PBXFileReference; lastKnownFileType = sourcecode.swift; path = SwiftUIPerformanceUITests.swift; sourceTree = "<group>"; };
		702300612C0EBDF400A1266B /* SwiftUIPerformanceUITestsLaunchTests.swift */ = {isa = PBXFileReference; lastKnownFileType = sourcecode.swift; path = SwiftUIPerformanceUITestsLaunchTests.swift; sourceTree = "<group>"; };
		7023006F2C0ECB7200A1266B /* Fruit.swift */ = {isa = PBXFileReference; lastKnownFileType = sourcecode.swift; path = Fruit.swift; sourceTree = "<group>"; };
		702300712C0ECBD900A1266B /* ProblemView.swift */ = {isa = PBXFileReference; lastKnownFileType = sourcecode.swift; path = ProblemView.swift; sourceTree = "<group>"; };
		702300742C0ED00800A1266B /* FruitViewModel.swift */ = {isa = PBXFileReference; lastKnownFileType = sourcecode.swift; path = FruitViewModel.swift; sourceTree = "<group>"; };
		702300762C0EE83A00A1266B /* RemoveViewModelDependency.swift */ = {isa = PBXFileReference; lastKnownFileType = sourcecode.swift; path = RemoveViewModelDependency.swift; sourceTree = "<group>"; };
		702300792C0EEE7900A1266B /* Color+Extension.swift */ = {isa = PBXFileReference; lastKnownFileType = sourcecode.swift; path = "Color+Extension.swift"; sourceTree = "<group>"; };
		7023007B2C0EF2F900A1266B /* View+Test.swift */ = {isa = PBXFileReference; lastKnownFileType = sourcecode.swift; path = "View+Test.swift"; sourceTree = "<group>"; };
		7023007D2C0FDC8B00A1266B /* PassNoExtraData.swift */ = {isa = PBXFileReference; lastKnownFileType = sourcecode.swift; path = PassNoExtraData.swift; sourceTree = "<group>"; };
		7023007F2C102ACE00A1266B /* PassNoExtraData2.swift */ = {isa = PBXFileReference; lastKnownFileType = sourcecode.swift; path = PassNoExtraData2.swift; sourceTree = "<group>"; };
		702300812C1037CD00A1266B /* FruitViewModelWrapper.swift */ = {isa = PBXFileReference; lastKnownFileType = sourcecode.swift; path = FruitViewModelWrapper.swift; sourceTree = "<group>"; };
		702300832C10389200A1266B /* WrapperExample.swift */ = {isa = PBXFileReference; lastKnownFileType = sourcecode.swift; path = WrapperExample.swift; sourceTree = "<group>"; };
		702300852C103F1C00A1266B /* WrapperExample2.swift */ = {isa = PBXFileReference; lastKnownFileType = sourcecode.swift; path = WrapperExample2.swift; sourceTree = "<group>"; };
		702300872C104E1200A1266B /* FruitObservation.swift */ = {isa = PBXFileReference; lastKnownFileType = sourcecode.swift; path = FruitObservation.swift; sourceTree = "<group>"; };
		702300892C104EEF00A1266B /* ObservationView.swift */ = {isa = PBXFileReference; lastKnownFileType = sourcecode.swift; path = ObservationView.swift; sourceTree = "<group>"; };
		7023008B2C1052D100A1266B /* IdentityView.swift */ = {isa = PBXFileReference; lastKnownFileType = sourcecode.swift; path = IdentityView.swift; sourceTree = "<group>"; };
		7023008F2C115A5300A1266B /* ContentView.swift */ = {isa = PBXFileReference; lastKnownFileType = sourcecode.swift; path = ContentView.swift; sourceTree = "<group>"; };
/* End PBXFileReference section */

/* Begin PBXFrameworksBuildPhase section */
		7023003E2C0EBDF300A1266B /* Frameworks */ = {
			isa = PBXFrameworksBuildPhase;
			buildActionMask = 2147483647;
			files = (
			);
			runOnlyForDeploymentPostprocessing = 0;
		};
		7023004E2C0EBDF400A1266B /* Frameworks */ = {
			isa = PBXFrameworksBuildPhase;
			buildActionMask = 2147483647;
			files = (
			);
			runOnlyForDeploymentPostprocessing = 0;
		};
		702300582C0EBDF400A1266B /* Frameworks */ = {
			isa = PBXFrameworksBuildPhase;
			buildActionMask = 2147483647;
			files = (
			);
			runOnlyForDeploymentPostprocessing = 0;
		};
/* End PBXFrameworksBuildPhase section */

/* Begin PBXGroup section */
		702300382C0EBDF300A1266B = {
			isa = PBXGroup;
			children = (
				702300432C0EBDF300A1266B /* SwiftUIPerformance */,
				702300542C0EBDF400A1266B /* SwiftUIPerformanceTests */,
				7023005E2C0EBDF400A1266B /* SwiftUIPerformanceUITests */,
				702300422C0EBDF300A1266B /* Products */,
			);
			sourceTree = "<group>";
		};
		702300422C0EBDF300A1266B /* Products */ = {
			isa = PBXGroup;
			children = (
				702300412C0EBDF300A1266B /* SwiftUIPerformance.app */,
				702300512C0EBDF400A1266B /* SwiftUIPerformanceTests.xctest */,
				7023005B2C0EBDF400A1266B /* SwiftUIPerformanceUITests.xctest */,
			);
			name = Products;
			sourceTree = "<group>";
		};
		702300432C0EBDF300A1266B /* SwiftUIPerformance */ = {
			isa = PBXGroup;
			children = (
				702300782C0EEE5C00A1266B /* Helper */,
				702300732C0ECFED00A1266B /* ViewModel */,
				7023006E2C0ECB5A00A1266B /* Model */,
				702300442C0EBDF300A1266B /* SwiftUIPerformanceApp.swift */,
				7023008F2C115A5300A1266B /* ContentView.swift */,
				702300712C0ECBD900A1266B /* ProblemView.swift */,
				702300762C0EE83A00A1266B /* RemoveViewModelDependency.swift */,
				7023008B2C1052D100A1266B /* IdentityView.swift */,
				7023007D2C0FDC8B00A1266B /* PassNoExtraData.swift */,
				7023007F2C102ACE00A1266B /* PassNoExtraData2.swift */,
				702300832C10389200A1266B /* WrapperExample.swift */,
				702300852C103F1C00A1266B /* WrapperExample2.swift */,
				702300892C104EEF00A1266B /* ObservationView.swift */,
				702300482C0EBDF400A1266B /* Assets.xcassets */,
				7023004A2C0EBDF400A1266B /* Preview Content */,
			);
			path = SwiftUIPerformance;
			sourceTree = "<group>";
		};
		7023004A2C0EBDF400A1266B /* Preview Content */ = {
			isa = PBXGroup;
			children = (
				7023004B2C0EBDF400A1266B /* Preview Assets.xcassets */,
			);
			path = "Preview Content";
			sourceTree = "<group>";
		};
		702300542C0EBDF400A1266B /* SwiftUIPerformanceTests */ = {
			isa = PBXGroup;
			children = (
				702300552C0EBDF400A1266B /* SwiftUIPerformanceTests.swift */,
			);
			path = SwiftUIPerformanceTests;
			sourceTree = "<group>";
		};
		7023005E2C0EBDF400A1266B /* SwiftUIPerformanceUITests */ = {
			isa = PBXGroup;
			children = (
				7023005F2C0EBDF400A1266B /* SwiftUIPerformanceUITests.swift */,
				702300612C0EBDF400A1266B /* SwiftUIPerformanceUITestsLaunchTests.swift */,
			);
			path = SwiftUIPerformanceUITests;
			sourceTree = "<group>";
		};
		7023006E2C0ECB5A00A1266B /* Model */ = {
			isa = PBXGroup;
			children = (
				7023006F2C0ECB7200A1266B /* Fruit.swift */,
			);
			path = Model;
			sourceTree = "<group>";
		};
		702300732C0ECFED00A1266B /* ViewModel */ = {
			isa = PBXGroup;
			children = (
				702300742C0ED00800A1266B /* FruitViewModel.swift */,
				702300812C1037CD00A1266B /* FruitViewModelWrapper.swift */,
				702300872C104E1200A1266B /* FruitObservation.swift */,
			);
			path = ViewModel;
			sourceTree = "<group>";
		};
		702300782C0EEE5C00A1266B /* Helper */ = {
			isa = PBXGroup;
			children = (
				702300792C0EEE7900A1266B /* Color+Extension.swift */,
				7023007B2C0EF2F900A1266B /* View+Test.swift */,
			);
			path = Helper;
			sourceTree = "<group>";
		};
/* End PBXGroup section */

/* Begin PBXNativeTarget section */
		702300402C0EBDF300A1266B /* SwiftUIPerformance */ = {
			isa = PBXNativeTarget;
			buildConfigurationList = 702300652C0EBDF400A1266B /* Build configuration list for PBXNativeTarget "SwiftUIPerformance" */;
			buildPhases = (
				7023003D2C0EBDF300A1266B /* Sources */,
				7023003E2C0EBDF300A1266B /* Frameworks */,
				7023003F2C0EBDF300A1266B /* Resources */,
			);
			buildRules = (
			);
			dependencies = (
			);
			name = SwiftUIPerformance;
			productName = SwiftUIPerformance;
			productReference = 702300412C0EBDF300A1266B /* SwiftUIPerformance.app */;
			productType = "com.apple.product-type.application";
		};
		702300502C0EBDF400A1266B /* SwiftUIPerformanceTests */ = {
			isa = PBXNativeTarget;
			buildConfigurationList = 702300682C0EBDF400A1266B /* Build configuration list for PBXNativeTarget "SwiftUIPerformanceTests" */;
			buildPhases = (
				7023004D2C0EBDF400A1266B /* Sources */,
				7023004E2C0EBDF400A1266B /* Frameworks */,
				7023004F2C0EBDF400A1266B /* Resources */,
			);
			buildRules = (
			);
			dependencies = (
				702300532C0EBDF400A1266B /* PBXTargetDependency */,
			);
			name = SwiftUIPerformanceTests;
			productName = SwiftUIPerformanceTests;
			productReference = 702300512C0EBDF400A1266B /* SwiftUIPerformanceTests.xctest */;
			productType = "com.apple.product-type.bundle.unit-test";
		};
		7023005A2C0EBDF400A1266B /* SwiftUIPerformanceUITests */ = {
			isa = PBXNativeTarget;
			buildConfigurationList = 7023006B2C0EBDF400A1266B /* Build configuration list for PBXNativeTarget "SwiftUIPerformanceUITests" */;
			buildPhases = (
				702300572C0EBDF400A1266B /* Sources */,
				702300582C0EBDF400A1266B /* Frameworks */,
				702300592C0EBDF400A1266B /* Resources */,
			);
			buildRules = (
			);
			dependencies = (
				7023005D2C0EBDF400A1266B /* PBXTargetDependency */,
			);
			name = SwiftUIPerformanceUITests;
			productName = SwiftUIPerformanceUITests;
			productReference = 7023005B2C0EBDF400A1266B /* SwiftUIPerformanceUITests.xctest */;
			productType = "com.apple.product-type.bundle.ui-testing";
		};
/* End PBXNativeTarget section */

/* Begin PBXProject section */
		702300392C0EBDF300A1266B /* Project object */ = {
			isa = PBXProject;
			attributes = {
				BuildIndependentTargetsInParallel = 1;
				LastSwiftUpdateCheck = 1520;
				LastUpgradeCheck = 1520;
				TargetAttributes = {
					702300402C0EBDF300A1266B = {
						CreatedOnToolsVersion = 15.2;
					};
					702300502C0EBDF400A1266B = {
						CreatedOnToolsVersion = 15.2;
						TestTargetID = 702300402C0EBDF300A1266B;
					};
					7023005A2C0EBDF400A1266B = {
						CreatedOnToolsVersion = 15.2;
						TestTargetID = 702300402C0EBDF300A1266B;
					};
				};
			};
			buildConfigurationList = 7023003C2C0EBDF300A1266B /* Build configuration list for PBXProject "SwiftUIPerformance" */;
			compatibilityVersion = "Xcode 14.0";
			developmentRegion = en;
			hasScannedForEncodings = 0;
			knownRegions = (
				en,
				Base,
			);
			mainGroup = 702300382C0EBDF300A1266B;
			productRefGroup = 702300422C0EBDF300A1266B /* Products */;
			projectDirPath = "";
			projectRoot = "";
			targets = (
				702300402C0EBDF300A1266B /* SwiftUIPerformance */,
				702300502C0EBDF400A1266B /* SwiftUIPerformanceTests */,
				7023005A2C0EBDF400A1266B /* SwiftUIPerformanceUITests */,
			);
		};
/* End PBXProject section */

/* Begin PBXResourcesBuildPhase section */
		7023003F2C0EBDF300A1266B /* Resources */ = {
			isa = PBXResourcesBuildPhase;
			buildActionMask = 2147483647;
			files = (
				7023004C2C0EBDF400A1266B /* Preview Assets.xcassets in Resources */,
				702300492C0EBDF400A1266B /* Assets.xcassets in Resources */,
			);
			runOnlyForDeploymentPostprocessing = 0;
		};
		7023004F2C0EBDF400A1266B /* Resources */ = {
			isa = PBXResourcesBuildPhase;
			buildActionMask = 2147483647;
			files = (
			);
			runOnlyForDeploymentPostprocessing = 0;
		};
		702300592C0EBDF400A1266B /* Resources */ = {
			isa = PBXResourcesBuildPhase;
			buildActionMask = 2147483647;
			files = (
			);
			runOnlyForDeploymentPostprocessing = 0;
		};
/* End PBXResourcesBuildPhase section */

/* Begin PBXSourcesBuildPhase section */
		7023003D2C0EBDF300A1266B /* Sources */ = {
			isa = PBXSourcesBuildPhase;
			buildActionMask = 2147483647;
			files = (
				7023007C2C0EF2F900A1266B /* View+Test.swift in Sources */,
				7023008C2C1052D100A1266B /* IdentityView.swift in Sources */,
				702300902C115A5300A1266B /* ContentView.swift in Sources */,
				702300772C0EE83A00A1266B /* RemoveViewModelDependency.swift in Sources */,
				7023007E2C0FDC8B00A1266B /* PassNoExtraData.swift in Sources */,
				702300862C103F1C00A1266B /* WrapperExample2.swift in Sources */,
				702300842C10389200A1266B /* WrapperExample.swift in Sources */,
				702300882C104E1200A1266B /* FruitObservation.swift in Sources */,
				7023007A2C0EEE7900A1266B /* Color+Extension.swift in Sources */,
				7023008A2C104EEF00A1266B /* ObservationView.swift in Sources */,
				702300802C102ACE00A1266B /* PassNoExtraData2.swift in Sources */,
				702300722C0ECBD900A1266B /* ProblemView.swift in Sources */,
				702300752C0ED00800A1266B /* FruitViewModel.swift in Sources */,
				702300702C0ECB7200A1266B /* Fruit.swift in Sources */,
				702300452C0EBDF300A1266B /* SwiftUIPerformanceApp.swift in Sources */,
				702300822C1037CD00A1266B /* FruitViewModelWrapper.swift in Sources */,
			);
			runOnlyForDeploymentPostprocessing = 0;
		};
		7023004D2C0EBDF400A1266B /* Sources */ = {
			isa = PBXSourcesBuildPhase;
			buildActionMask = 2147483647;
			files = (
				702300562C0EBDF400A1266B /* SwiftUIPerformanceTests.swift in Sources */,
			);
			runOnlyForDeploymentPostprocessing = 0;
		};
		702300572C0EBDF400A1266B /* Sources */ = {
			isa = PBXSourcesBuildPhase;
			buildActionMask = 2147483647;
			files = (
				702300602C0EBDF400A1266B /* SwiftUIPerformanceUITests.swift in Sources */,
				702300622C0EBDF400A1266B /* SwiftUIPerformanceUITestsLaunchTests.swift in Sources */,
			);
			runOnlyForDeploymentPostprocessing = 0;
		};
/* End PBXSourcesBuildPhase section */

/* Begin PBXTargetDependency section */
		702300532C0EBDF400A1266B /* PBXTargetDependency */ = {
			isa = PBXTargetDependency;
			target = 702300402C0EBDF300A1266B /* SwiftUIPerformance */;
			targetProxy = 702300522C0EBDF400A1266B /* PBXContainerItemProxy */;
		};
		7023005D2C0EBDF400A1266B /* PBXTargetDependency */ = {
			isa = PBXTargetDependency;
			target = 702300402C0EBDF300A1266B /* SwiftUIPerformance */;
			targetProxy = 7023005C2C0EBDF400A1266B /* PBXContainerItemProxy */;
		};
/* End PBXTargetDependency section */

/* Begin XCBuildConfiguration section */
		702300632C0EBDF400A1266B /* Debug */ = {
			isa = XCBuildConfiguration;
			buildSettings = {
				ALWAYS_SEARCH_USER_PATHS = NO;
				ASSETCATALOG_COMPILER_GENERATE_SWIFT_ASSET_SYMBOL_EXTENSIONS = YES;
				CLANG_ANALYZER_NONNULL = YES;
				CLANG_ANALYZER_NUMBER_OBJECT_CONVERSION = YES_AGGRESSIVE;
				CLANG_CXX_LANGUAGE_STANDARD = "gnu++20";
				CLANG_ENABLE_MODULES = YES;
				CLANG_ENABLE_OBJC_ARC = YES;
				CLANG_ENABLE_OBJC_WEAK = YES;
				CLANG_WARN_BLOCK_CAPTURE_AUTORELEASING = YES;
				CLANG_WARN_BOOL_CONVERSION = YES;
				CLANG_WARN_COMMA = YES;
				CLANG_WARN_CONSTANT_CONVERSION = YES;
				CLANG_WARN_DEPRECATED_OBJC_IMPLEMENTATIONS = YES;
				CLANG_WARN_DIRECT_OBJC_ISA_USAGE = YES_ERROR;
				CLANG_WARN_DOCUMENTATION_COMMENTS = YES;
				CLANG_WARN_EMPTY_BODY = YES;
				CLANG_WARN_ENUM_CONVERSION = YES;
				CLANG_WARN_INFINITE_RECURSION = YES;
				CLANG_WARN_INT_CONVERSION = YES;
				CLANG_WARN_NON_LITERAL_NULL_CONVERSION = YES;
				CLANG_WARN_OBJC_IMPLICIT_RETAIN_SELF = YES;
				CLANG_WARN_OBJC_LITERAL_CONVERSION = YES;
				CLANG_WARN_OBJC_ROOT_CLASS = YES_ERROR;
				CLANG_WARN_QUOTED_INCLUDE_IN_FRAMEWORK_HEADER = YES;
				CLANG_WARN_RANGE_LOOP_ANALYSIS = YES;
				CLANG_WARN_STRICT_PROTOTYPES = YES;
				CLANG_WARN_SUSPICIOUS_MOVE = YES;
				CLANG_WARN_UNGUARDED_AVAILABILITY = YES_AGGRESSIVE;
				CLANG_WARN_UNREACHABLE_CODE = YES;
				CLANG_WARN__DUPLICATE_METHOD_MATCH = YES;
				COPY_PHASE_STRIP = NO;
				DEBUG_INFORMATION_FORMAT = dwarf;
				ENABLE_STRICT_OBJC_MSGSEND = YES;
				ENABLE_TESTABILITY = YES;
				ENABLE_USER_SCRIPT_SANDBOXING = YES;
				GCC_C_LANGUAGE_STANDARD = gnu17;
				GCC_DYNAMIC_NO_PIC = NO;
				GCC_NO_COMMON_BLOCKS = YES;
				GCC_OPTIMIZATION_LEVEL = 0;
				GCC_PREPROCESSOR_DEFINITIONS = (
					"DEBUG=1",
					"$(inherited)",
				);
				GCC_WARN_64_TO_32_BIT_CONVERSION = YES;
				GCC_WARN_ABOUT_RETURN_TYPE = YES_ERROR;
				GCC_WARN_UNDECLARED_SELECTOR = YES;
				GCC_WARN_UNINITIALIZED_AUTOS = YES_AGGRESSIVE;
				GCC_WARN_UNUSED_FUNCTION = YES;
				GCC_WARN_UNUSED_VARIABLE = YES;
				IPHONEOS_DEPLOYMENT_TARGET = 17.2;
				LOCALIZATION_PREFERS_STRING_CATALOGS = YES;
				MTL_ENABLE_DEBUG_INFO = INCLUDE_SOURCE;
				MTL_FAST_MATH = YES;
				ONLY_ACTIVE_ARCH = YES;
				SDKROOT = iphoneos;
				SWIFT_ACTIVE_COMPILATION_CONDITIONS = "DEBUG $(inherited)";
				SWIFT_OPTIMIZATION_LEVEL = "-Onone";
			};
			name = Debug;
		};
		702300642C0EBDF400A1266B /* Release */ = {
			isa = XCBuildConfiguration;
			buildSettings = {
				ALWAYS_SEARCH_USER_PATHS = NO;
				ASSETCATALOG_COMPILER_GENERATE_SWIFT_ASSET_SYMBOL_EXTENSIONS = YES;
				CLANG_ANALYZER_NONNULL = YES;
				CLANG_ANALYZER_NUMBER_OBJECT_CONVERSION = YES_AGGRESSIVE;
				CLANG_CXX_LANGUAGE_STANDARD = "gnu++20";
				CLANG_ENABLE_MODULES = YES;
				CLANG_ENABLE_OBJC_ARC = YES;
				CLANG_ENABLE_OBJC_WEAK = YES;
				CLANG_WARN_BLOCK_CAPTURE_AUTORELEASING = YES;
				CLANG_WARN_BOOL_CONVERSION = YES;
				CLANG_WARN_COMMA = YES;
				CLANG_WARN_CONSTANT_CONVERSION = YES;
				CLANG_WARN_DEPRECATED_OBJC_IMPLEMENTATIONS = YES;
				CLANG_WARN_DIRECT_OBJC_ISA_USAGE = YES_ERROR;
				CLANG_WARN_DOCUMENTATION_COMMENTS = YES;
				CLANG_WARN_EMPTY_BODY = YES;
				CLANG_WARN_ENUM_CONVERSION = YES;
				CLANG_WARN_INFINITE_RECURSION = YES;
				CLANG_WARN_INT_CONVERSION = YES;
				CLANG_WARN_NON_LITERAL_NULL_CONVERSION = YES;
				CLANG_WARN_OBJC_IMPLICIT_RETAIN_SELF = YES;
				CLANG_WARN_OBJC_LITERAL_CONVERSION = YES;
				CLANG_WARN_OBJC_ROOT_CLASS = YES_ERROR;
				CLANG_WARN_QUOTED_INCLUDE_IN_FRAMEWORK_HEADER = YES;
				CLANG_WARN_RANGE_LOOP_ANALYSIS = YES;
				CLANG_WARN_STRICT_PROTOTYPES = YES;
				CLANG_WARN_SUSPICIOUS_MOVE = YES;
				CLANG_WARN_UNGUARDED_AVAILABILITY = YES_AGGRESSIVE;
				CLANG_WARN_UNREACHABLE_CODE = YES;
				CLANG_WARN__DUPLICATE_METHOD_MATCH = YES;
				COPY_PHASE_STRIP = NO;
				DEBUG_INFORMATION_FORMAT = "dwarf-with-dsym";
				ENABLE_NS_ASSERTIONS = NO;
				ENABLE_STRICT_OBJC_MSGSEND = YES;
				ENABLE_USER_SCRIPT_SANDBOXING = YES;
				GCC_C_LANGUAGE_STANDARD = gnu17;
				GCC_NO_COMMON_BLOCKS = YES;
				GCC_WARN_64_TO_32_BIT_CONVERSION = YES;
				GCC_WARN_ABOUT_RETURN_TYPE = YES_ERROR;
				GCC_WARN_UNDECLARED_SELECTOR = YES;
				GCC_WARN_UNINITIALIZED_AUTOS = YES_AGGRESSIVE;
				GCC_WARN_UNUSED_FUNCTION = YES;
				GCC_WARN_UNUSED_VARIABLE = YES;
				IPHONEOS_DEPLOYMENT_TARGET = 17.2;
				LOCALIZATION_PREFERS_STRING_CATALOGS = YES;
				MTL_ENABLE_DEBUG_INFO = NO;
				MTL_FAST_MATH = YES;
				SDKROOT = iphoneos;
				SWIFT_COMPILATION_MODE = wholemodule;
				VALIDATE_PRODUCT = YES;
			};
			name = Release;
		};
		702300662C0EBDF400A1266B /* Debug */ = {
			isa = XCBuildConfiguration;
			buildSettings = {
				ASSETCATALOG_COMPILER_APPICON_NAME = AppIcon;
				ASSETCATALOG_COMPILER_GLOBAL_ACCENT_COLOR_NAME = AccentColor;
				CODE_SIGN_STYLE = Automatic;
				CURRENT_PROJECT_VERSION = 1;
				DEVELOPMENT_ASSET_PATHS = "\"SwiftUIPerformance/Preview Content\"";
				DEVELOPMENT_TEAM = DB48H9R7QA;
				ENABLE_PREVIEWS = YES;
				GENERATE_INFOPLIST_FILE = YES;
				INFOPLIST_KEY_UIApplicationSceneManifest_Generation = YES;
				INFOPLIST_KEY_UIApplicationSupportsIndirectInputEvents = YES;
				INFOPLIST_KEY_UILaunchScreen_Generation = YES;
				INFOPLIST_KEY_UISupportedInterfaceOrientations_iPad = "UIInterfaceOrientationPortrait UIInterfaceOrientationPortraitUpsideDown UIInterfaceOrientationLandscapeLeft UIInterfaceOrientationLandscapeRight";
				INFOPLIST_KEY_UISupportedInterfaceOrientations_iPhone = "UIInterfaceOrientationPortrait UIInterfaceOrientationLandscapeLeft UIInterfaceOrientationLandscapeRight";
				LD_RUNPATH_SEARCH_PATHS = (
					"$(inherited)",
					"@executable_path/Frameworks",
				);
				MARKETING_VERSION = 1.0;
				PRODUCT_BUNDLE_IDENTIFIER = fw.abc.SwiftUIPerformance;
				PRODUCT_NAME = "$(TARGET_NAME)";
				SWIFT_EMIT_LOC_STRINGS = YES;
				SWIFT_VERSION = 5.0;
				TARGETED_DEVICE_FAMILY = "1,2";
			};
			name = Debug;
		};
		702300672C0EBDF400A1266B /* Release */ = {
			isa = XCBuildConfiguration;
			buildSettings = {
				ASSETCATALOG_COMPILER_APPICON_NAME = AppIcon;
				ASSETCATALOG_COMPILER_GLOBAL_ACCENT_COLOR_NAME = AccentColor;
				CODE_SIGN_STYLE = Automatic;
				CURRENT_PROJECT_VERSION = 1;
				DEVELOPMENT_ASSET_PATHS = "\"SwiftUIPerformance/Preview Content\"";
				DEVELOPMENT_TEAM = DB48H9R7QA;
				ENABLE_PREVIEWS = YES;
				GENERATE_INFOPLIST_FILE = YES;
				INFOPLIST_KEY_UIApplicationSceneManifest_Generation = YES;
				INFOPLIST_KEY_UIApplicationSupportsIndirectInputEvents = YES;
				INFOPLIST_KEY_UILaunchScreen_Generation = YES;
				INFOPLIST_KEY_UISupportedInterfaceOrientations_iPad = "UIInterfaceOrientationPortrait UIInterfaceOrientationPortraitUpsideDown UIInterfaceOrientationLandscapeLeft UIInterfaceOrientationLandscapeRight";
				INFOPLIST_KEY_UISupportedInterfaceOrientations_iPhone = "UIInterfaceOrientationPortrait UIInterfaceOrientationLandscapeLeft UIInterfaceOrientationLandscapeRight";
				LD_RUNPATH_SEARCH_PATHS = (
					"$(inherited)",
					"@executable_path/Frameworks",
				);
				MARKETING_VERSION = 1.0;
				PRODUCT_BUNDLE_IDENTIFIER = fw.abc.SwiftUIPerformance;
				PRODUCT_NAME = "$(TARGET_NAME)";
				SWIFT_EMIT_LOC_STRINGS = YES;
				SWIFT_VERSION = 5.0;
				TARGETED_DEVICE_FAMILY = "1,2";
			};
			name = Release;
		};
		702300692C0EBDF400A1266B /* Debug */ = {
			isa = XCBuildConfiguration;
			buildSettings = {
				ALWAYS_EMBED_SWIFT_STANDARD_LIBRARIES = YES;
				BUNDLE_LOADER = "$(TEST_HOST)";
				CODE_SIGN_STYLE = Automatic;
				CURRENT_PROJECT_VERSION = 1;
				DEVELOPMENT_TEAM = DB48H9R7QA;
				GENERATE_INFOPLIST_FILE = YES;
				IPHONEOS_DEPLOYMENT_TARGET = 17.2;
				MARKETING_VERSION = 1.0;
				PRODUCT_BUNDLE_IDENTIFIER = fw.abc.SwiftUIPerformanceTests;
				PRODUCT_NAME = "$(TARGET_NAME)";
				SWIFT_EMIT_LOC_STRINGS = NO;
				SWIFT_VERSION = 5.0;
				TARGETED_DEVICE_FAMILY = "1,2";
				TEST_HOST = "$(BUILT_PRODUCTS_DIR)/SwiftUIPerformance.app/$(BUNDLE_EXECUTABLE_FOLDER_PATH)/SwiftUIPerformance";
			};
			name = Debug;
		};
		7023006A2C0EBDF400A1266B /* Release */ = {
			isa = XCBuildConfiguration;
			buildSettings = {
				ALWAYS_EMBED_SWIFT_STANDARD_LIBRARIES = YES;
				BUNDLE_LOADER = "$(TEST_HOST)";
				CODE_SIGN_STYLE = Automatic;
				CURRENT_PROJECT_VERSION = 1;
				DEVELOPMENT_TEAM = DB48H9R7QA;
				GENERATE_INFOPLIST_FILE = YES;
				IPHONEOS_DEPLOYMENT_TARGET = 17.2;
				MARKETING_VERSION = 1.0;
				PRODUCT_BUNDLE_IDENTIFIER = fw.abc.SwiftUIPerformanceTests;
				PRODUCT_NAME = "$(TARGET_NAME)";
				SWIFT_EMIT_LOC_STRINGS = NO;
				SWIFT_VERSION = 5.0;
				TARGETED_DEVICE_FAMILY = "1,2";
				TEST_HOST = "$(BUILT_PRODUCTS_DIR)/SwiftUIPerformance.app/$(BUNDLE_EXECUTABLE_FOLDER_PATH)/SwiftUIPerformance";
			};
			name = Release;
		};
		7023006C2C0EBDF400A1266B /* Debug */ = {
			isa = XCBuildConfiguration;
			buildSettings = {
				ALWAYS_EMBED_SWIFT_STANDARD_LIBRARIES = YES;
				CODE_SIGN_STYLE = Automatic;
				CURRENT_PROJECT_VERSION = 1;
				DEVELOPMENT_TEAM = DB48H9R7QA;
				GENERATE_INFOPLIST_FILE = YES;
				MARKETING_VERSION = 1.0;
				PRODUCT_BUNDLE_IDENTIFIER = fw.abc.SwiftUIPerformanceUITests;
				PRODUCT_NAME = "$(TARGET_NAME)";
				SWIFT_EMIT_LOC_STRINGS = NO;
				SWIFT_VERSION = 5.0;
				TARGETED_DEVICE_FAMILY = "1,2";
				TEST_TARGET_NAME = SwiftUIPerformance;
			};
			name = Debug;
		};
		7023006D2C0EBDF400A1266B /* Release */ = {
			isa = XCBuildConfiguration;
			buildSettings = {
				ALWAYS_EMBED_SWIFT_STANDARD_LIBRARIES = YES;
				CODE_SIGN_STYLE = Automatic;
				CURRENT_PROJECT_VERSION = 1;
				DEVELOPMENT_TEAM = DB48H9R7QA;
				GENERATE_INFOPLIST_FILE = YES;
				MARKETING_VERSION = 1.0;
				PRODUCT_BUNDLE_IDENTIFIER = fw.abc.SwiftUIPerformanceUITests;
				PRODUCT_NAME = "$(TARGET_NAME)";
				SWIFT_EMIT_LOC_STRINGS = NO;
				SWIFT_VERSION = 5.0;
				TARGETED_DEVICE_FAMILY = "1,2";
				TEST_TARGET_NAME = SwiftUIPerformance;
			};
			name = Release;
		};
/* End XCBuildConfiguration section */

/* Begin XCConfigurationList section */
		7023003C2C0EBDF300A1266B /* Build configuration list for PBXProject "SwiftUIPerformance" */ = {
			isa = XCConfigurationList;
			buildConfigurations = (
				702300632C0EBDF400A1266B /* Debug */,
				702300642C0EBDF400A1266B /* Release */,
			);
			defaultConfigurationIsVisible = 0;
			defaultConfigurationName = Release;
		};
		702300652C0EBDF400A1266B /* Build configuration list for PBXNativeTarget "SwiftUIPerformance" */ = {
			isa = XCConfigurationList;
			buildConfigurations = (
				702300662C0EBDF400A1266B /* Debug */,
				702300672C0EBDF400A1266B /* Release */,
			);
			defaultConfigurationIsVisible = 0;
			defaultConfigurationName = Release;
		};
		702300682C0EBDF400A1266B /* Build configuration list for PBXNativeTarget "SwiftUIPerformanceTests" */ = {
			isa = XCConfigurationList;
			buildConfigurations = (
				702300692C0EBDF400A1266B /* Debug */,
				7023006A2C0EBDF400A1266B /* Release */,
			);
			defaultConfigurationIsVisible = 0;
			defaultConfigurationName = Release;
		};
		7023006B2C0EBDF400A1266B /* Build configuration list for PBXNativeTarget "SwiftUIPerformanceUITests" */ = {
			isa = XCConfigurationList;
			buildConfigurations = (
				7023006C2C0EBDF400A1266B /* Debug */,
				7023006D2C0EBDF400A1266B /* Release */,
			);
			defaultConfigurationIsVisible = 0;
			defaultConfigurationName = Release;
		};
/* End XCConfigurationList section */
	};
	rootObject = 702300392C0EBDF300A1266B /* Project object */;
}
